
Microsoft Visual Studio Solution File, Format Version 12.00
# Visual Studio Version 17
VisualStudioVersion = 17.9.34701.34
MinimumVisualStudioVersion = 10.0.40219.1
Project("{9A19103F-16F7-4668-BE54-9A1E7A4F7556}") = "Plantmonitor.Server", "Plantmonitor.Server.csproj", "{3A1A6480-1668-4FD9-8BDB-6E0AA728D666}"
EndProject
Project("{FAE04EC0-301F-11D3-BF4B-00C04F79EFBC}") = "Plantmonitor.Server.Tests", "..\Plantmonitor.Server.Tests\Plantmonitor.Server.Tests.csproj", "{DD04286D-833C-4841-AEEE-494BEAE8C04F}"
EndProject
Global
	GlobalSection(SolutionConfigurationPlatforms) = preSolution
		Debug|Any CPU = Debug|Any CPU
		Release|Any CPU = Release|Any CPU
	EndGlobalSection
	GlobalSection(ProjectConfigurationPlatforms) = postSolution
		{3A1A6480-1668-4FD9-8BDB-6E0AA728D666}.Debug|Any CPU.ActiveCfg = Debug|Any CPU
		{3A1A6480-1668-4FD9-8BDB-6E0AA728D666}.Debug|Any CPU.Build.0 = Debug|Any CPU
		{3A1A6480-1668-4FD9-8BDB-6E0AA728D666}.Release|Any CPU.ActiveCfg = Release|Any CPU
		{3A1A6480-1668-4FD9-8BDB-6E0AA728D666}.Release|Any CPU.Build.0 = Release|Any CPU
		{DD04286D-833C-4841-AEEE-494BEAE8C04F}.Debug|Any CPU.ActiveCfg = Debug|Any CPU
		{DD04286D-833C-4841-AEEE-494BEAE8C04F}.Debug|Any CPU.Build.0 = Debug|Any CPU
		{DD04286D-833C-4841-AEEE-494BEAE8C04F}.Release|Any CPU.ActiveCfg = Release|Any CPU
		{DD04286D-833C-4841-AEEE-494BEAE8C04F}.Release|Any CPU.Build.0 = Release|Any CPU
	EndGlobalSection
	GlobalSection(SolutionProperties) = preSolution
		HideSolutionNode = FALSE
	EndGlobalSection
	GlobalSection(ExtensibilityGlobals) = postSolution
		SolutionGuid = {B02DCEDE-FBEB-48C0-A390-6748633A91E7}
	EndGlobalSection
EndGlobal
